
Microsoft Visual Studio Solution File, Format Version 12.00
# Visual Studio 15
VisualStudioVersion = 15.0.26730.16
MinimumVisualStudioVersion = 10.0.40219.1
Project("{FAE04EC0-301F-11D3-BF4B-00C04F79EFBC}") = "InOrderPostOrder", "InOrderPostOrder\InOrderPostOrder.csproj", "{9BBEBC4E-3A91-45EC-9D05-F084B5DEAB4B}"
EndProject
Global
	GlobalSection(SolutionConfigurationPlatforms) = preSolution
		Debug|Any CPU = Debug|Any CPU
		Release|Any CPU = Release|Any CPU
	EndGlobalSection
	GlobalSection(ProjectConfigurationPlatforms) = postSolution
		{9BBEBC4E-3A91-45EC-9D05-F084B5DEAB4B}.Debug|Any CPU.ActiveCfg = Debug|Any CPU
		{9BBEBC4E-3A91-45EC-9D05-F084B5DEAB4B}.Debug|Any CPU.Build.0 = Debug|Any CPU
		{9BBEBC4E-3A91-45EC-9D05-F084B5DEAB4B}.Release|Any CPU.ActiveCfg = Release|Any CPU
		{9BBEBC4E-3A91-45EC-9D05-F084B5DEAB4B}.Release|Any CPU.Build.0 = Release|Any CPU
	EndGlobalSection
	GlobalSection(SolutionProperties) = preSolution
		HideSolutionNode = FALSE
	EndGlobalSection
	GlobalSection(ExtensibilityGlobals) = postSolution
		SolutionGuid = {FCADA3C8-DDFA-4A1B-9B3C-3595143A32B6}
	EndGlobalSection
EndGlobal
