
Microsoft Visual Studio Solution File, Format Version 12.00
# Visual Studio 15
VisualStudioVersion = 15.0.27004.2005
MinimumVisualStudioVersion = 10.0.40219.1
Project("{FAE04EC0-301F-11D3-BF4B-00C04F79EFBC}") = "MatrixArrayZero", "MatrixArrayZero\MatrixArrayZero.csproj", "{2F78AAE2-FD5C-4972-8D2D-B521B6696541}"
EndProject
Global
	GlobalSection(SolutionConfigurationPlatforms) = preSolution
		Debug|Any CPU = Debug|Any CPU
		Release|Any CPU = Release|Any CPU
	EndGlobalSection
	GlobalSection(ProjectConfigurationPlatforms) = postSolution
		{2F78AAE2-FD5C-4972-8D2D-B521B6696541}.Debug|Any CPU.ActiveCfg = Debug|Any CPU
		{2F78AAE2-FD5C-4972-8D2D-B521B6696541}.Debug|Any CPU.Build.0 = Debug|Any CPU
		{2F78AAE2-FD5C-4972-8D2D-B521B6696541}.Release|Any CPU.ActiveCfg = Release|Any CPU
		{2F78AAE2-FD5C-4972-8D2D-B521B6696541}.Release|Any CPU.Build.0 = Release|Any CPU
	EndGlobalSection
	GlobalSection(SolutionProperties) = preSolution
		HideSolutionNode = FALSE
	EndGlobalSection
	GlobalSection(ExtensibilityGlobals) = postSolution
		SolutionGuid = {B82FF2F9-DD71-4036-9552-A8F385A6348E}
	EndGlobalSection
EndGlobal
