
Microsoft Visual Studio Solution File, Format Version 12.00
# Visual Studio 15
VisualStudioVersion = 15.0.27004.2005
MinimumVisualStudioVersion = 10.0.40219.1
Project("{FAE04EC0-301F-11D3-BF4B-00C04F79EFBC}") = "InsertionSort", "InsertionSort\InsertionSort.csproj", "{ED786B48-1C58-4DB0-96BC-4F065E2A8A2A}"
EndProject
Global
	GlobalSection(SolutionConfigurationPlatforms) = preSolution
		Debug|Any CPU = Debug|Any CPU
		Release|Any CPU = Release|Any CPU
	EndGlobalSection
	GlobalSection(ProjectConfigurationPlatforms) = postSolution
		{ED786B48-1C58-4DB0-96BC-4F065E2A8A2A}.Debug|Any CPU.ActiveCfg = Debug|Any CPU
		{ED786B48-1C58-4DB0-96BC-4F065E2A8A2A}.Debug|Any CPU.Build.0 = Debug|Any CPU
		{ED786B48-1C58-4DB0-96BC-4F065E2A8A2A}.Release|Any CPU.ActiveCfg = Release|Any CPU
		{ED786B48-1C58-4DB0-96BC-4F065E2A8A2A}.Release|Any CPU.Build.0 = Release|Any CPU
	EndGlobalSection
	GlobalSection(SolutionProperties) = preSolution
		HideSolutionNode = FALSE
	EndGlobalSection
	GlobalSection(ExtensibilityGlobals) = postSolution
		SolutionGuid = {D568A586-5B9F-4E0B-A76F-99A724F03C8E}
	EndGlobalSection
EndGlobal
