
Microsoft Visual Studio Solution File, Format Version 12.00
# Visual Studio 15
VisualStudioVersion = 15.0.26730.16
MinimumVisualStudioVersion = 10.0.40219.1
Project("{FAE04EC0-301F-11D3-BF4B-00C04F79EFBC}") = "SortedPush", "SortedPush\SortedPush.csproj", "{F3AB162A-778F-4C84-8528-248DE4642784}"
EndProject
Global
	GlobalSection(SolutionConfigurationPlatforms) = preSolution
		Debug|Any CPU = Debug|Any CPU
		Release|Any CPU = Release|Any CPU
	EndGlobalSection
	GlobalSection(ProjectConfigurationPlatforms) = postSolution
		{F3AB162A-778F-4C84-8528-248DE4642784}.Debug|Any CPU.ActiveCfg = Debug|Any CPU
		{F3AB162A-778F-4C84-8528-248DE4642784}.Debug|Any CPU.Build.0 = Debug|Any CPU
		{F3AB162A-778F-4C84-8528-248DE4642784}.Release|Any CPU.ActiveCfg = Release|Any CPU
		{F3AB162A-778F-4C84-8528-248DE4642784}.Release|Any CPU.Build.0 = Release|Any CPU
	EndGlobalSection
	GlobalSection(SolutionProperties) = preSolution
		HideSolutionNode = FALSE
	EndGlobalSection
	GlobalSection(ExtensibilityGlobals) = postSolution
		SolutionGuid = {1593A51F-C49E-47EF-B34B-6A18953D70DE}
	EndGlobalSection
EndGlobal
