
Microsoft Visual Studio Solution File, Format Version 12.00
# Visual Studio 15
VisualStudioVersion = 15.0.26730.16
MinimumVisualStudioVersion = 10.0.40219.1
Project("{FAE04EC0-301F-11D3-BF4B-00C04F79EFBC}") = "DoublyLinkedLists", "DoublyLinkedLists\DoublyLinkedLists.csproj", "{8A3E0C2D-147E-4D6D-84C8-839CED8E913B}"
EndProject
Global
	GlobalSection(SolutionConfigurationPlatforms) = preSolution
		Debug|Any CPU = Debug|Any CPU
		Release|Any CPU = Release|Any CPU
	EndGlobalSection
	GlobalSection(ProjectConfigurationPlatforms) = postSolution
		{8A3E0C2D-147E-4D6D-84C8-839CED8E913B}.Debug|Any CPU.ActiveCfg = Debug|Any CPU
		{8A3E0C2D-147E-4D6D-84C8-839CED8E913B}.Debug|Any CPU.Build.0 = Debug|Any CPU
		{8A3E0C2D-147E-4D6D-84C8-839CED8E913B}.Release|Any CPU.ActiveCfg = Release|Any CPU
		{8A3E0C2D-147E-4D6D-84C8-839CED8E913B}.Release|Any CPU.Build.0 = Release|Any CPU
	EndGlobalSection
	GlobalSection(SolutionProperties) = preSolution
		HideSolutionNode = FALSE
	EndGlobalSection
	GlobalSection(ExtensibilityGlobals) = postSolution
		SolutionGuid = {6D21746B-BF98-4429-8039-D93DB7089610}
	EndGlobalSection
EndGlobal
