
Microsoft Visual Studio Solution File, Format Version 12.00
# Visual Studio 15
VisualStudioVersion = 15.0.26730.16
MinimumVisualStudioVersion = 10.0.40219.1
Project("{FAE04EC0-301F-11D3-BF4B-00C04F79EFBC}") = "DeleteByData", "DeleteByData\DeleteByData.csproj", "{FCBDBC50-D498-4A9A-8B87-D84E01287445}"
EndProject
Global
	GlobalSection(SolutionConfigurationPlatforms) = preSolution
		Debug|Any CPU = Debug|Any CPU
		Release|Any CPU = Release|Any CPU
	EndGlobalSection
	GlobalSection(ProjectConfigurationPlatforms) = postSolution
		{FCBDBC50-D498-4A9A-8B87-D84E01287445}.Debug|Any CPU.ActiveCfg = Debug|Any CPU
		{FCBDBC50-D498-4A9A-8B87-D84E01287445}.Debug|Any CPU.Build.0 = Debug|Any CPU
		{FCBDBC50-D498-4A9A-8B87-D84E01287445}.Release|Any CPU.ActiveCfg = Release|Any CPU
		{FCBDBC50-D498-4A9A-8B87-D84E01287445}.Release|Any CPU.Build.0 = Release|Any CPU
	EndGlobalSection
	GlobalSection(SolutionProperties) = preSolution
		HideSolutionNode = FALSE
	EndGlobalSection
	GlobalSection(ExtensibilityGlobals) = postSolution
		SolutionGuid = {2A3320EB-9E46-41BE-8C4D-9E18A5F83F2B}
	EndGlobalSection
EndGlobal
