
Microsoft Visual Studio Solution File, Format Version 12.00
# Visual Studio 15
VisualStudioVersion = 15.0.26730.16
MinimumVisualStudioVersion = 10.0.40219.1
Project("{FAE04EC0-301F-11D3-BF4B-00C04F79EFBC}") = "TreeRecursiveTraversal", "TreeRecursiveTraversal\TreeRecursiveTraversal.csproj", "{986339ED-4714-4E47-84DF-6C575D9952B6}"
EndProject
Global
	GlobalSection(SolutionConfigurationPlatforms) = preSolution
		Debug|Any CPU = Debug|Any CPU
		Release|Any CPU = Release|Any CPU
	EndGlobalSection
	GlobalSection(ProjectConfigurationPlatforms) = postSolution
		{986339ED-4714-4E47-84DF-6C575D9952B6}.Debug|Any CPU.ActiveCfg = Debug|Any CPU
		{986339ED-4714-4E47-84DF-6C575D9952B6}.Debug|Any CPU.Build.0 = Debug|Any CPU
		{986339ED-4714-4E47-84DF-6C575D9952B6}.Release|Any CPU.ActiveCfg = Release|Any CPU
		{986339ED-4714-4E47-84DF-6C575D9952B6}.Release|Any CPU.Build.0 = Release|Any CPU
	EndGlobalSection
	GlobalSection(SolutionProperties) = preSolution
		HideSolutionNode = FALSE
	EndGlobalSection
	GlobalSection(ExtensibilityGlobals) = postSolution
		SolutionGuid = {74FE5138-C81B-4F49-87A4-922F94460BD5}
	EndGlobalSection
EndGlobal
