
Microsoft Visual Studio Solution File, Format Version 12.00
# Visual Studio 15
VisualStudioVersion = 15.0.26730.16
MinimumVisualStudioVersion = 10.0.40219.1
Project("{FAE04EC0-301F-11D3-BF4B-00C04F79EFBC}") = "TwoStacksOneQueue", "TwoStacksOneQueue\TwoStacksOneQueue.csproj", "{57096F95-5A34-470A-8A08-4FDA4AA8FAAD}"
EndProject
Global
	GlobalSection(SolutionConfigurationPlatforms) = preSolution
		Debug|Any CPU = Debug|Any CPU
		Release|Any CPU = Release|Any CPU
	EndGlobalSection
	GlobalSection(ProjectConfigurationPlatforms) = postSolution
		{57096F95-5A34-470A-8A08-4FDA4AA8FAAD}.Debug|Any CPU.ActiveCfg = Debug|Any CPU
		{57096F95-5A34-470A-8A08-4FDA4AA8FAAD}.Debug|Any CPU.Build.0 = Debug|Any CPU
		{57096F95-5A34-470A-8A08-4FDA4AA8FAAD}.Release|Any CPU.ActiveCfg = Release|Any CPU
		{57096F95-5A34-470A-8A08-4FDA4AA8FAAD}.Release|Any CPU.Build.0 = Release|Any CPU
	EndGlobalSection
	GlobalSection(SolutionProperties) = preSolution
		HideSolutionNode = FALSE
	EndGlobalSection
	GlobalSection(ExtensibilityGlobals) = postSolution
		SolutionGuid = {AF512156-D322-49F8-B087-3B4800CDD92C}
	EndGlobalSection
EndGlobal
