
Microsoft Visual Studio Solution File, Format Version 12.00
# Visual Studio 15
VisualStudioVersion = 15.0.26730.15
MinimumVisualStudioVersion = 10.0.40219.1
Project("{FAE04EC0-301F-11D3-BF4B-00C04F79EFBC}") = "CatGarden", "CatGarden\CatGarden.csproj", "{C4BEF03D-B4AF-4813-926C-48B5F94E16BA}"
EndProject
Global
	GlobalSection(SolutionConfigurationPlatforms) = preSolution
		Debug|Any CPU = Debug|Any CPU
		Release|Any CPU = Release|Any CPU
	EndGlobalSection
	GlobalSection(ProjectConfigurationPlatforms) = postSolution
		{C4BEF03D-B4AF-4813-926C-48B5F94E16BA}.Debug|Any CPU.ActiveCfg = Debug|Any CPU
		{C4BEF03D-B4AF-4813-926C-48B5F94E16BA}.Debug|Any CPU.Build.0 = Debug|Any CPU
		{C4BEF03D-B4AF-4813-926C-48B5F94E16BA}.Release|Any CPU.ActiveCfg = Release|Any CPU
		{C4BEF03D-B4AF-4813-926C-48B5F94E16BA}.Release|Any CPU.Build.0 = Release|Any CPU
	EndGlobalSection
	GlobalSection(SolutionProperties) = preSolution
		HideSolutionNode = FALSE
	EndGlobalSection
	GlobalSection(ExtensibilityGlobals) = postSolution
		SolutionGuid = {7E4381D9-6F1F-4552-9B54-EBFDAAC80050}
	EndGlobalSection
EndGlobal
