
Microsoft Visual Studio Solution File, Format Version 12.00
# Visual Studio 15
VisualStudioVersion = 15.0.27004.2002
MinimumVisualStudioVersion = 10.0.40219.1
Project("{FAE04EC0-301F-11D3-BF4B-00C04F79EFBC}") = "BinarySearchTree", "BinarySearchTree\BinarySearchTree.csproj", "{3CACCBB2-08EE-4D19-884D-B64561ECF764}"
EndProject
Global
	GlobalSection(SolutionConfigurationPlatforms) = preSolution
		Debug|Any CPU = Debug|Any CPU
		Release|Any CPU = Release|Any CPU
	EndGlobalSection
	GlobalSection(ProjectConfigurationPlatforms) = postSolution
		{3CACCBB2-08EE-4D19-884D-B64561ECF764}.Debug|Any CPU.ActiveCfg = Debug|Any CPU
		{3CACCBB2-08EE-4D19-884D-B64561ECF764}.Debug|Any CPU.Build.0 = Debug|Any CPU
		{3CACCBB2-08EE-4D19-884D-B64561ECF764}.Release|Any CPU.ActiveCfg = Release|Any CPU
		{3CACCBB2-08EE-4D19-884D-B64561ECF764}.Release|Any CPU.Build.0 = Release|Any CPU
	EndGlobalSection
	GlobalSection(SolutionProperties) = preSolution
		HideSolutionNode = FALSE
	EndGlobalSection
	GlobalSection(ExtensibilityGlobals) = postSolution
		SolutionGuid = {9ADCBCA3-0F8A-4505-A3C4-CD4B1ACF1082}
	EndGlobalSection
EndGlobal
