
Microsoft Visual Studio Solution File, Format Version 12.00
# Visual Studio 15
VisualStudioVersion = 15.0.27004.2005
MinimumVisualStudioVersion = 10.0.40219.1
Project("{FAE04EC0-301F-11D3-BF4B-00C04F79EFBC}") = "MergeSort", "MergeSort\MergeSort.csproj", "{5872C551-02D2-4CA1-9F66-2E040BE41D24}"
EndProject
Global
	GlobalSection(SolutionConfigurationPlatforms) = preSolution
		Debug|Any CPU = Debug|Any CPU
		Release|Any CPU = Release|Any CPU
	EndGlobalSection
	GlobalSection(ProjectConfigurationPlatforms) = postSolution
		{5872C551-02D2-4CA1-9F66-2E040BE41D24}.Debug|Any CPU.ActiveCfg = Debug|Any CPU
		{5872C551-02D2-4CA1-9F66-2E040BE41D24}.Debug|Any CPU.Build.0 = Debug|Any CPU
		{5872C551-02D2-4CA1-9F66-2E040BE41D24}.Release|Any CPU.ActiveCfg = Release|Any CPU
		{5872C551-02D2-4CA1-9F66-2E040BE41D24}.Release|Any CPU.Build.0 = Release|Any CPU
	EndGlobalSection
	GlobalSection(SolutionProperties) = preSolution
		HideSolutionNode = FALSE
	EndGlobalSection
	GlobalSection(ExtensibilityGlobals) = postSolution
		SolutionGuid = {784CB273-5B3A-4D1B-9004-6C0CC15543D2}
	EndGlobalSection
EndGlobal
